dependencies:
  espressif/dl_fft:
    component_hash: a955ca29581de2177ddf25759273bd83f082b3c805e735fe6ee105858643989b
    dependencies:
    - name: idf
      require: private
      version: '>=5.0'
    source:
      registry_url: https://components.espressif.com
      type: service
    version: 0.6.0
  espressif/esp-dsp:
    component_hash: 42dce32d46ac93dc11f60d368e29a830e9661c7345d794b8a45c343479cae636
    dependencies:
    - name: idf
      require: private
      version: '>=4.2'
    source:
      registry_url: https://components.espressif.com
      type: service
    version: 1.7.0
  espressif/esp-sr:
    component_hash: 46b1f70f8b561714b958d1c455213cca07162755d1b8df53498081199f15136f
    dependencies:
    - name: espressif/dl_fft
      registry_url: https://components.espressif.com
      require: private
      version: '>=0.2.0'
    - name: espressif/esp-dsp
      registry_url: https://components.espressif.com
      require: private
      version: 1.7.0
    - name: idf
      require: private
      version: '>=5.0'
    source:
      registry_url: https://components.espressif.com/
      type: service
    version: 2.3.1
  espressif/esp_audio_codec:
    component_hash: af4663830bc73eca58febcc34a976d003465e78ed57458aa00a14b231e392ca1
    dependencies:
    - name: idf
      require: private
      version: '>=4.4'
    source:
      registry_url: https://components.espressif.com/
      type: service
    version: 2.4.1
  espressif/esp_audio_effects:
    component_hash: 8fa2bf7356a3c7fb9a9c7d2185aba474fa033b0506886c70752f67c42cd81b3f
    dependencies: []
    source:
      registry_url: https://components.espressif.com/
      type: service
    version: 1.2.1
  espressif/esp_codec_dev:
    component_hash: df70f10af8d7b922add7b9d07372c9c97ab356e58d72b7a892050227c2d44348
    dependencies:
    - name: idf
      require: private
      version: '>=4.0'
    source:
      registry_url: https://components.espressif.com/
      type: service
    version: 1.5.11
  espressif/esp_lcd_touch:
    component_hash: 3f85a7d95af876f1a6ecca8eb90a81614890d0f03a038390804e5a77e2caf862
    dependencies:
    - name: idf
      require: private
      version: '>=4.4.2'
    source:
      registry_url: https://components.espressif.com/
      type: service
    version: 1.2.1
  espressif/esp_lcd_touch_ft5x06:
    component_hash: 8ae101b4a321b6327d98751b049e3c7fff2718ad04d676259369ff85d4edbcdf
    dependencies:
    - name: espressif/esp_lcd_touch
      registry_url: https://components.espressif.com
      require: public
      version: ^1.2.0
    - name: idf
      require: private
      version: '>=5.2'
    source:
      registry_url: https://components.espressif.com/
      type: service
    version: 1.1.0~1
  espressif/esp_lvgl_port:
    component_hash: fb6c1fdfe70d4ca39a035d63ca394a35f17ec84ce16ff98ecb13a54155d75da4
    dependencies:
    - name: idf
      require: private
      version: '>=5.2'
    - name: lvgl/lvgl
      registry_url: https://components.espressif.com
      require: public
      version: '>=8,<10'
    source:
      registry_url: https://components.espressif.com/
      type: service
    version: 2.8.0~1
  espressif/esp_websocket_client:
    component_hash: 3fb288702517ef4d75bf933a115f1056ee0c2540d964f9e1d856e0bb67e1dfeb
    dependencies:
    - name: idf
      require: private
      version: '>=5.0'
    source:
      registry_url: https://components.espressif.com/
      type: service
    version: 1.7.0
  idf:
    source:
      type: idf
    version: 5.5.2
  lvgl/lvgl:
    component_hash: 184e532558c1c45fefed631f3e235423d22582aafb4630f3e8885c35281a49ae
    dependencies: []
    source:
      registry_url: https://components.espressif.com/
      type: service
    version: 9.5.0
direct_dependencies:
- espressif/esp-sr
- espressif/esp_audio_codec
- espressif/esp_audio_effects
- espressif/esp_codec_dev
- espressif/esp_lcd_touch
- espressif/esp_lcd_touch_ft5x06
- espressif/esp_lvgl_port
- espressif/esp_websocket_client
- idf
- lvgl/lvgl
manifest_hash: 63b63b0c76292fd223448aaf8df1c07b8b72dda2382dc6cf930f1e672cb4e945
target: esp32s3
version: 2.0.0
