version = 1
revision = 3
requires-python = "==3.12.*"

[[package]]
name = "anyio"
version = "4.14.2"
source = { registry = "https://pypi.org/simple" }
dependencies = [
    { name = "idna" },
    { name = "typing-extensions" },
]
sdist = { url = "https://files.pythonhosted.org/packages/61/cc/a381afa6efea9f496eff839d4a6a1aed3bfafc7b3ab4b0d1b243a12573dd/anyio-4.14.2.tar.gz", hash = "sha256:cfa139f3ed1a23ee8f88a145ddb5ac7605b8bbfd8592baacd7ce3d8bb4313c7f", size = 260176, upload-time = "2026-07-12T20:29:07.082Z" }
wheels = [
    { url = "https://files.pythonhosted.org/packages/da/35/f2287558c17e29fafc8ef3daf819bb9834061cfa43bff8014f7df7f63bdc/anyio-4.14.2-py3-none-any.whl", hash = "sha256:9f505dda5ac9f0c8309b5e8bd445a8c2bf7246f3ce950121e45ea15bc41d1494", size = 125813, upload-time = "2026-07-12T20:29:05.763Z" },
]

[[package]]
name = "attrs"
version = "26.1.0"
source = { registry = "https://pypi.org/simple" }
sdist = { url = "https://files.pythonhosted.org/packages/9a/8e/82a0fe20a541c03148528be8cac2408564a6c9a0cc7e9171802bc1d26985/attrs-26.1.0.tar.gz", hash = "sha256:d03ceb89cb322a8fd706d4fb91940737b6642aa36998fe130a9bc96c985eff32", size = 952055, upload-time = "2026-03-19T14:22:25.026Z" }
wheels = [
    { url = "https://files.pythonhosted.org/packages/64/b4/17d4b0b2a2dc85a6df63d1157e028ed19f90d4cd97c36717afef2bc2f395/attrs-26.1.0-py3-none-any.whl", hash = "sha256:c647aa4a12dfbad9333ca4e71fe62ddc36f4e63b2d260a37a8b83d2f043ac309", size = 67548, upload-time = "2026-03-19T14:22:23.645Z" },
]

[[package]]
name = "av"
version = "17.1.0"
source = { registry = "https://pypi.org/simple" }
sdist = { url = "https://files.pythonhosted.org/packages/5e/e3/477fa20578c284abeda08d91b63ee9abaebc93445d8feeb989d3d444bae1/av-17.1.0.tar.gz", hash = "sha256:7f1e71ff621b66253333926f948e00faae11d855b2442133c65128bca64cdeb3", size = 4288546, upload-time = "2026-06-07T05:52:55.999Z" }
wheels = [
    { url = "https://files.pythonhosted.org/packages/ec/87/8036b5c781bc3639ea04ef42d4e26da253bd4bd4311d8705b6a1c8824047/av-17.1.0-cp311-abi3-macosx_11_0_x86_64.whl", hash = "sha256:ad7b4aa011093324b7118245f50ac6db244cfe9900d4072508a5245a2b0d3f41", size = 22460847, upload-time = "2026-06-07T05:52:04.261Z" },
    { url = "https://files.pythonhosted.org/packages/6d/af/dfdf6fc7b17814b50d0aa9e7a7e37b87be91be3890f44b0d525433cd1fd1/av-17.1.0-cp311-abi3-macosx_14_0_arm64.whl", hash = "sha256:43ebbe977f19a7f2d2bd1a4e119675a0b15e05852cf7309846b6ab922ba7ffe9", size = 18159115, upload-time = "2026-06-07T05:52:06.64Z" },
    { url = "https://files.pythonhosted.org/packages/ad/13/64f6c466471cea225b8b2f4cdc51a571f8a286984b55a08d169b932fda5d/av-17.1.0-cp311-abi3-manylinux_2_28_aarch64.whl", hash = "sha256:6a20658ec7d96a70e14b1196eff00b7cdd8831ac3b99868e16b8ba8b24090847", size = 33224427, upload-time = "2026-06-07T05:52:09.165Z" },
    { url = "https://files.pythonhosted.org/packages/77/43/96b35170bf2e64e00a41748c6400ff73232dc0fc62ded283679fb07c7fe0/av-17.1.0-cp311-abi3-manylinux_2_28_x86_64.whl", hash = "sha256:f9a65d1f48b818323fb411e80358f89d77dec340b01d27c6b2dfbb9cbf4b779f", size = 35370183, upload-time = "2026-06-07T05:52:11.959Z" },
    { url = "https://files.pythonhosted.org/packages/2e/b3/8e8b4b6498731bfbd88e8399a756543f8088f1bd33d08eab678b5aebe728/av-17.1.0-cp311-abi3-manylinux_2_31_armv7l.whl", hash = "sha256:58f7593726437cda5bd19793027e027768450b5c4a594777bf487798a33db702", size = 24459265, upload-time = "2026-06-07T05:52:14.66Z" },
    { url = "https://files.pythonhosted.org/packages/14/ac/ceb84b7553db21f1143d817245c560d9267168e1e58b1a8eeae2b62c4d04/av-17.1.0-cp311-abi3-musllinux_1_2_aarch64.whl", hash = "sha256:bbab058bd965309f39962e53caac8126987c68c0be094fc4f9427e5615b0218f", size = 34283709, upload-time = "2026-06-07T05:52:17.389Z" },
    { url = "https://files.pythonhosted.org/packages/59/f9/4115fd84148c9a1cf365096694be6ac882fd3cd3cdb7a2f35e71fecf1631/av-17.1.0-cp311-abi3-musllinux_1_2_armv7l.whl", hash = "sha256:9514cfda85180554c430695282faf4be3ffdf95775d8519733821244eecb58e0", size = 25397573, upload-time = "2026-06-07T05:52:20.012Z" },
    { url = "https://files.pythonhosted.org/packages/e2/ac/92e52d5ed0e0b84d9d93e52b4338c2713d8a44082b8696e6516fdae7c4e4/av-17.1.0-cp311-abi3-musllinux_1_2_x86_64.whl", hash = "sha256:e1c90f85cd7431ede95b11e8e711571a896ebea433f298849c2c0f1594c8d86e", size = 36451495, upload-time = "2026-06-07T05:52:22.581Z" },
    { url = "https://files.pythonhosted.org/packages/6b/f2/53a7cd34adb6a971d7e6d99663e74db286966c9db8afdca17472fdf0f98e/av-17.1.0-cp311-abi3-win_amd64.whl", hash = "sha256:5df5c1172ef1cf65a1529d612f7da7798ce2cf82c1ff7212466b538a6cc7214c", size = 28036393, upload-time = "2026-06-07T05:52:25.657Z" },
    { url = "https://files.pythonhosted.org/packages/66/47/cd9ae0edf2206351c1251bb94b5ec58728e42c5f6ee16c03c412f3a1bb3e/av-17.1.0-cp311-abi3-win_arm64.whl", hash = "sha256:ee98534242a74da847af78624779ac5a3177dc7c69f956a4da9e6f0fdb37d7f6", size = 21174601, upload-time = "2026-06-07T05:52:28.077Z" },
]

[[package]]
name = "certifi"
version = "2026.7.22"
source = { registry = "https://pypi.org/simple" }
sdist = { url = "https://files.pythonhosted.org/packages/a3/c2/24167ea9858356b47a87a50d39908bfdb72ceeefe0041586e704e5376b3a/certifi-2026.7.22.tar.gz", hash = "sha256:741e2c3b351ddf169a738da9f2c048608ff7f2c5cc02f1ebc6b118bb090d5d55", size = 138112, upload-time = "2026-07-22T03:35:12.644Z" }
wheels = [
    { url = "https://files.pythonhosted.org/packages/0b/a7/71ac2cff56fec219ed242bb11b8efb69fcc4bec75db06fb7bfe35de520e6/certifi-2026.7.22-py3-none-any.whl", hash = "sha256:62f22742b58a1a33014a2b6b706588a8d7e2a88ae7bd1a6ebe8c992928483775", size = 136983, upload-time = "2026-07-22T03:35:11.276Z" },
]

[[package]]
name = "cffi"
version = "2.1.0"
source = { registry = "https://pypi.org/simple" }
dependencies = [
    { name = "pycparser", marker = "implementation_name != 'PyPy'" },
]
sdist = { url = "https://files.pythonhosted.org/packages/57/5f/ff100cae70ebe9d8df1c01a00e510e45d9adb5c1fdda84791b199141de97/cffi-2.1.0.tar.gz", hash = "sha256:efc1cdd798b1aaf39b4610bba7aad28c9bea9b910f25c784ccf9ec1fa719d1f9", size = 531036, upload-time = "2026-07-06T21:34:30.382Z" }
wheels = [
    { url = "https://files.pythonhosted.org/packages/1e/85/990925db5df586ec90beb97529c853497e7f85ba0234830447faf41c3057/cffi-2.1.0-cp312-cp312-macosx_10_15_x86_64.whl", hash = "sha256:df2b82571a1b30f58a87bf4e5a9e78d2b1eff6c6ce8fd3aa3757221f93f0863f", size = 184829, upload-time = "2026-07-06T21:32:44.324Z" },
    { url = "https://files.pythonhosted.org/packages/4b/92/e7bb136ad6b5352603732cf907ef862ca103f20f2031c1735a46300c20c9/cffi-2.1.0-cp312-cp312-macosx_11_0_arm64.whl", hash = "sha256:78474632761faa0fb96f30b1c928c84ebcf68713cbb80d15bab09dfe61640fde", size = 184728, upload-time = "2026-07-06T21:32:45.683Z" },
    { url = "https://files.pythonhosted.org/packages/c3/c0/d1ec30ffb370f748f2fb54425972bfef9871e0132e82fb589c46b6676049/cffi-2.1.0-cp312-cp312-manylinux1_i686.manylinux2014_i686.manylinux_2_17_i686.manylinux_2_5_i686.whl", hash = "sha256:5972433ad71a9e46516584ef60a0fda12d9dc459938d1539c3ddecf9bdc1368d", size = 214815, upload-time = "2026-07-06T21:32:48.557Z" },
    { url = "https://files.pythonhosted.org/packages/1b/dc/5620cf930688be01f2d673804291de757a934c90b946dbdc3d84130c2ea4/cffi-2.1.0-cp312-cp312-manylinux2014_aarch64.manylinux_2_17_aarch64.whl", hash = "sha256:b6422532152adf4e59b110cb2808cee7a033800952f5c036b4af047ee43199e7", size = 222429, upload-time = "2026-07-06T21:32:49.848Z" },
    { url = "https://files.pythonhosted.org/packages/4b/a4/77b53abbf7a1e0beb9637edbef2a94d15f9c822f591e85d439ffd91519a6/cffi-2.1.0-cp312-cp312-manylinux2014_ppc64le.manylinux_2_17_ppc64le.whl", hash = "sha256:46b1c8db8f6122420f32d02fffb924c2fe9bc772d228c7c711748fff56aabb2b", size = 210315, upload-time = "2026-07-06T21:32:51.221Z" },
    { url = "https://files.pythonhosted.org/packages/58/0c/f528df19cc94b675087324d4760d9e6d5bfae97d6217aa4fac43de4f5fcc/cffi-2.1.0-cp312-cp312-manylinux2014_s390x.manylinux_2_17_s390x.whl", hash = "sha256:d9fafc5aa2e2a39aaf7f8cc0c1f044a9b07fca12e558dca53a3cc5c654ad67a7", size = 208859, upload-time = "2026-07-06T21:32:52.512Z" },
    { url = "https://files.pythonhosted.org/packages/62/f2/c9522a81c32132799a1972c39f5c5f8b4c8b9f00488a23feaa6c06f07741/cffi-2.1.0-cp312-cp312-manylinux2014_x86_64.manylinux_2_17_x86_64.whl", hash = "sha256:1e9f50d192a3e525b15a75ab5114e442d83d657b7ec29182a991bc9a88fd3a66", size = 221844, upload-time = "2026-07-06T21:32:53.704Z" },
    { url = "https://files.pythonhosted.org/packages/6e/28/bd53988b9833e8f8ad539d26f4c07a6b3f6bcb1e9e02e7ca038250b3428d/cffi-2.1.0-cp312-cp312-musllinux_1_2_aarch64.whl", hash = "sha256:98fff996e983a36d3aa2eca83af40c5821202e7e6f32d13ae94e3d2286f10cfe", size = 225287, upload-time = "2026-07-06T21:32:54.907Z" },
    { url = "https://files.pythonhosted.org/packages/79/99/0d0fd37f055224085f42bbb2c022d002e17dde4a97972822327b07d84101/cffi-2.1.0-cp312-cp312-musllinux_1_2_x86_64.whl", hash = "sha256:379de10ce1ba048b1448599d1b37b24caee16309d1ac98d3982fc997f768700b", size = 223681, upload-time = "2026-07-06T21:32:56.329Z" },
    { url = "https://files.pythonhosted.org/packages/b0/80/c138990aa2a70b1a269f6e06348729836d733d6f970867943f61d367f8cc/cffi-2.1.0-cp312-cp312-win32.whl", hash = "sha256:9b8f0f26ca4e7513c534d351eca551947d053fac438f2a04ac96d882909b0d3a", size = 175269, upload-time = "2026-07-06T21:32:57.777Z" },
    { url = "https://files.pythonhosted.org/packages/a8/eb/f636456ff21a83fc13c032b58cc5dde061691546ac79efa284b2989b7982/cffi-2.1.0-cp312-cp312-win_amd64.whl", hash = "sha256:c97f080ea627e2863524c5af3836e2270b5f5dfff1f104392b959f8df0c5d384", size = 185881, upload-time = "2026-07-06T21:32:59.253Z" },
    { url = "https://files.pythonhosted.org/packages/dd/2c/400ea43e721727dca8a65c4521390e9196757caba4a45643acb2b63271b8/cffi-2.1.0-cp312-cp312-win_arm64.whl", hash = "sha256:6d194185eabd279f1c05ebe3504265ddfc5ad2b58d0714f7db9f01da592e9eb6", size = 180088, upload-time = "2026-07-06T21:33:02.278Z" },
]

[[package]]
name = "colorama"
version = "0.4.6"
source = { registry = "https://pypi.org/simple" }
sdist = { url = "https://files.pythonhosted.org/packages/d8/53/6f443c9a4a8358a93a6792e2acffb9d9d5cb0a5cfd8802644b7b1c9a02e4/colorama-0.4.6.tar.gz", hash = "sha256:08695f5cb7ed6e0531a20572697297273c47b8cae5a63ffc6d6ed5c201be6e44", size = 27697, upload-time = "2022-10-25T02:36:22.414Z" }
wheels = [
    { url = "https://files.pythonhosted.org/packages/d1/d6/3965ed04c63042e047cb6a3e6ed1a63a35087b6a609aa3a15ed8ac56c221/colorama-0.4.6-py2.py3-none-any.whl", hash = "sha256:4f1d9991f5acc0ca119f9d443620b77f9d6b33703e51011c16baf57afb285fc6", size = 25335, upload-time = "2022-10-25T02:36:20.889Z" },
]

[[package]]
name = "cryptography"
version = "50.0.0"
source = { registry = "https://pypi.org/simple" }
dependencies = [
    { name = "cffi", marker = "platform_python_implementation != 'PyPy'" },
]
sdist = { url = "https://files.pythonhosted.org/packages/de/41/6cbdcf9142d00fe82836fbb51e503e58088575cf7a0fe1dbff6695bf0840/cryptography-50.0.0.tar.gz", hash = "sha256:eeac2acb5a20ed25e0ad6d1df9891a520b78b404266b6d11778f25d5d691a6c9", size = 880201, upload-time = "2026-07-31T14:25:10.11Z" }
wheels = [
    { url = "https://files.pythonhosted.org/packages/c5/5c/59086b4aac5e879d38ddbcf74e4be7ade89cebc3eb199a55da998c3bb46a/cryptography-50.0.0-cp311-abi3-macosx_11_0_arm64.whl", hash = "sha256:031e2d5dd4bb9caa3ca9c82e5a197fd8ae680232cee62603d1a813f3f07e3d03", size = 4001252, upload-time = "2026-07-31T14:23:33.331Z" },
    { url = "https://files.pythonhosted.org/packages/57/ef/8f2df13c7216bcad3e1c74e07f6e193d93e998e114f524a53877c9af27ad/cryptography-50.0.0-cp311-abi3-manylinux2014_aarch64.manylinux_2_17_aarch64.whl", hash = "sha256:fd9192b7b70c573d7f214eb1ae35e00d359f6f5e4b27c7e21e30de1fc6204645", size = 4719554, upload-time = "2026-07-31T14:23:35.611Z" },
    { url = "https://files.pythonhosted.org/packages/d9/41/029086c34d91052fc3b88bcc8056f709a7c915c7a23b235a54eb800b1c97/cryptography-50.0.0-cp311-abi3-manylinux2014_x86_64.manylinux_2_17_x86_64.whl", hash = "sha256:06a32a980526a6ab9a4b9bf8f7385800791e2bb960903cb6b530e4817509a3b7", size = 4702130, upload-time = "2026-07-31T14:23:37.635Z" },
    { url = "https://files.pythonhosted.org/packages/7d/ff/b6ce0954962e7f7b969f850a883744197bb3910bdfd7b6da162eab7d9f68/cryptography-50.0.0-cp311-abi3-manylinux_2_28_aarch64.whl", hash = "sha256:a1b30560f2acc95aa8b2e06e716a13dbfc97314747b80d9707e307f77b40d6b3", size = 4725244, upload-time = "2026-07-31T14:23:39.471Z" },
    { url = "https://files.pythonhosted.org/packages/06/1e/63a1027cb7fec360a182208e1b7767d5aa1fe57be3d6aa856e69a321edc0/cryptography-50.0.0-cp311-abi3-manylinux_2_28_ppc64le.whl", hash = "sha256:8d89f3976b10b4ce31118de72329025f70d2c6ead14a8217c5514dd2c6d5a78f", size = 5342265, upload-time = "2026-07-31T14:23:41.286Z" },
    { url = "https://files.pythonhosted.org/packages/6b/72/a1116d683a6d7ece94590013882515de087edf9ef0e6292aae615a44df73/cryptography-50.0.0-cp311-abi3-manylinux_2_28_x86_64.whl", hash = "sha256:b42a28c1844fd9de8f3f7d540e36b66f3a9c83fceac7170ebc7a6a19edd9dcae", size = 4734609, upload-time = "2026-07-31T14:23:43.139Z" },
    { url = "https://files.pythonhosted.org/packages/15/37/36a9c479bbe49acea2636c7fd3360d20f7b7e079c300352011c44850b181/cryptography-50.0.0-cp311-abi3-manylinux_2_31_armv7l.whl", hash = "sha256:900131fafd8aead39ac7dd3a7e833be754c17a95cfd91221636949fe4eb0aa8a", size = 4356517, upload-time = "2026-07-31T14:23:44.939Z" },
    { url = "https://files.pythonhosted.org/packages/32/98/8a151d64367204cbc63ec65d37502f1d9c53cf4bfc6ec3c532614dbec60d/cryptography-50.0.0-cp311-abi3-manylinux_2_34_aarch64.whl", hash = "sha256:07949c449a1abcf60d1ee6e88956d89404c7df3c8258f46589e912988e551987", size = 4724529, upload-time = "2026-07-31T14:23:46.93Z" },
    { url = "https://files.pythonhosted.org/packages/22/f6/ec13b470172126464a86bf54d2294a46d29837fc51ba3e45d4047946fb5e/cryptography-50.0.0-cp311-abi3-manylinux_2_34_ppc64le.whl", hash = "sha256:f89831ef99dd7dd169ab06d63a831adb9e20a87aac6d380266bbda5823349169", size = 5299852, upload-time = "2026-07-31T14:23:48.851Z" },
    { url = "https://files.pythonhosted.org/packages/da/3a/f05e32c99d440c9bb891ea0e36c9091891e36be5a9a87ab2ee6ea20729f6/cryptography-50.0.0-cp311-abi3-manylinux_2_34_x86_64.whl", hash = "sha256:82148ec5bddac30b51a5b3c1945075f896fa022cb93f8e4a01e9f6ee95292c5f", size = 4734462, upload-time = "2026-07-31T14:23:50.861Z" },
    { url = "https://files.pythonhosted.org/packages/ca/dc/bd72b26be8953f80625f63151efd38eee71c76ca6cf591c08ff34615a79e/cryptography-50.0.0-cp311-abi3-musllinux_1_2_aarch64.whl", hash = "sha256:1489e263a8048bb8b6a8bac662eb2d402ea5d2b7b4699b72f385f1e2772db105", size = 4852708, upload-time = "2026-07-31T14:23:52.715Z" },
    { url = "https://files.pythonhosted.org/packages/27/20/c930314a2ab476d15dec966ec87e2e9637bb02b06106b12c0396c57bb603/cryptography-50.0.0-cp311-abi3-musllinux_1_2_x86_64.whl", hash = "sha256:7cec5b856506da6defb290f30c9ee687d5f5e8cb0bd3f6459dde43b0b4fa40ef", size = 5004179, upload-time = "2026-07-31T14:23:54.887Z" },
    { url = "https://files.pythonhosted.org/packages/32/2e/c9db68a0c4bfa28e310707527c0ee3a2bd254104d2e02e68f368e197aa4c/cryptography-50.0.0-cp311-abi3-win_amd64.whl", hash = "sha256:bd1c592e4d5974f0d08d4888e432157adba757c66da0246918e43677fafa2d30", size = 3840395, upload-time = "2026-07-31T14:23:56.677Z" },
    { url = "https://files.pythonhosted.org/packages/03/37/73d005be173aff344af30e9fd2a576575cb2391a7101d9cd3842e1fa8cce/cryptography-50.0.0-cp39-abi3-macosx_11_0_arm64.whl", hash = "sha256:ccdc4a71a4dabae05de219404f9f4abc38e3b58422177ff93d0da05967dafa07", size = 4036009, upload-time = "2026-07-31T14:24:24.122Z" },
    { url = "https://files.pythonhosted.org/packages/ff/c6/7a6202a534e32103a285b7834a120869557fe198d51d7cfe59754c8bda9c/cryptography-50.0.0-cp39-abi3-manylinux2014_aarch64.manylinux_2_17_aarch64.whl", hash = "sha256:910e1d2668e7de9648f2bcee30e180db2a6b15c30f887d7c4c93ddf96e3992e3", size = 4745252, upload-time = "2026-07-31T14:24:26.118Z" },
    { url = "https://files.pythonhosted.org/packages/85/4f/0fa8c2f4428198f15d9ff8d63400e27afbf94ce833f6108da1eb3753f945/cryptography-50.0.0-cp39-abi3-manylinux2014_x86_64.manylinux_2_17_x86_64.whl", hash = "sha256:a91296cb61e8df6f86d0c19cc4068228da256bf59bf86049fbd821084565327f", size = 4728939, upload-time = "2026-07-31T14:24:27.994Z" },
    { url = "https://files.pythonhosted.org/packages/d1/63/54dd723490ba2dc09b299682c10b38db38f159728bcaae8c591b8af2f22d/cryptography-50.0.0-cp39-abi3-manylinux_2_28_aarch64.whl", hash = "sha256:e722f16708d854fe924790e051061f6704a472c3bac347b6fd88033ea8dd0dc5", size = 4748483, upload-time = "2026-07-31T14:24:30.254Z" },
    { url = "https://files.pythonhosted.org/packages/1d/dd/7c77d26285cc7f6991efce64a0f5b4f9383bfa5dd8c5033003eaf7db4cdb/cryptography-50.0.0-cp39-abi3-manylinux_2_28_ppc64le.whl", hash = "sha256:d764dcf130c428ef66786f866dd750f53182bc608813489915e9fc106bb0c82f", size = 5367599, upload-time = "2026-07-31T14:24:32.457Z" },
    { url = "https://files.pythonhosted.org/packages/46/c9/f60aed34c013f317f92817b6c171c2d22a78270fa41109bd4b08af26b194/cryptography-50.0.0-cp39-abi3-manylinux_2_28_x86_64.whl", hash = "sha256:105110f43a471dbd0060b9c9516cb8a6a79233631a04cc2ba16f28323ac6e025", size = 4762647, upload-time = "2026-07-31T14:24:34.599Z" },
    { url = "https://files.pythonhosted.org/packages/be/f3/f9a0173b139372c3a48ed98154b45cc6b9de17c789d5ab552e621c293609/cryptography-50.0.0-cp39-abi3-manylinux_2_31_armv7l.whl", hash = "sha256:828743d939e9629bc267b8e2d08d8bb67cd4319c771a33d4b18b22dd8fb7440a", size = 4385197, upload-time = "2026-07-31T14:24:36.647Z" },
    { url = "https://files.pythonhosted.org/packages/d8/36/83bb81f6e569bc38e1e4a7bc80f29b46bb9601920bc455fc8e888f5d5742/cryptography-50.0.0-cp39-abi3-manylinux_2_34_aarch64.whl", hash = "sha256:2a8183b489dc1f7f80f135780fadc1108f14b31b8a40411c7a5b17425f65f28b", size = 4748095, upload-time = "2026-07-31T14:24:39.493Z" },
    { url = "https://files.pythonhosted.org/packages/6b/16/d3008eff98c764979865834c3d386d4fd041b5f52e7f34fc29ac1a5eb515/cryptography-50.0.0-cp39-abi3-manylinux_2_34_ppc64le.whl", hash = "sha256:6e7d61120573a7f2cd94cc095f9e81f6967c61ccdf194285aa143ecec8e0b708", size = 5325948, upload-time = "2026-07-31T14:24:41.556Z" },
    { url = "https://files.pythonhosted.org/packages/9c/f8/d97f9603efda3888187bfdb893f26c41be4735c10631d05d284ee6b047c4/cryptography-50.0.0-cp39-abi3-manylinux_2_34_x86_64.whl", hash = "sha256:37fdb0d0111f1e2ff07139dfb79f1b49531f8e213c46f1163dd7642979b58c47", size = 4762400, upload-time = "2026-07-31T14:24:43.636Z" },
    { url = "https://files.pythonhosted.org/packages/64/a2/4615c8f7d81a00b1d6e6afe19f694e1543582349fb5f4076f6cb5dc36485/cryptography-50.0.0-cp39-abi3-musllinux_1_2_aarch64.whl", hash = "sha256:c87f62a3d3b9888ed0fdde100ec06aa61ca9cd44bad9057d1dff9a516b5f5bb9", size = 4878208, upload-time = "2026-07-31T14:24:45.522Z" },
    { url = "https://files.pythonhosted.org/packages/d2/1a/efcfb02f91407149a0dacffffab791f7e19bf6385f63b3666dc8b5e5c9c8/cryptography-50.0.0-cp39-abi3-musllinux_1_2_x86_64.whl", hash = "sha256:65c2c3add92b45fd0709db8594536aea39c2a67af0e27ffcf049c498501140b7", size = 5037050, upload-time = "2026-07-31T14:24:47.697Z" },
    { url = "https://files.pythonhosted.org/packages/57/30/4a22984d4f1bdfb8c054f07a92bc176b97a3134cc1d6c4b3bffb1f3688b4/cryptography-50.0.0-cp39-abi3-win_amd64.whl", hash = "sha256:d24fead1d4d076e1bfb006dcec392074a3cd8d7b4fc8a595aa64073b2b7a96ba", size = 3874135, upload-time = "2026-07-31T14:24:50.085Z" },
]

[[package]]
name = "h11"
version = "0.16.0"
source = { registry = "https://pypi.org/simple" }
sdist = { url = "https://files.pythonhosted.org/packages/01/ee/02a2c011bdab74c6fb3c75474d40b3052059d95df7e73351460c8588d963/h11-0.16.0.tar.gz", hash = "sha256:4e35b956cf45792e4caa5885e69fba00bdbc6ffafbfa020300e549b208ee5ff1", size = 101250, upload-time = "2025-04-24T03:35:25.427Z" }
wheels = [
    { url = "https://files.pythonhosted.org/packages/04/4b/29cac41a4d98d144bf5f6d33995617b185d14b22401f75ca86f384e87ff1/h11-0.16.0-py3-none-any.whl", hash = "sha256:63cf8bbe7522de3bf65932fda1d9c2772064ffb3dae62d55932da54b31cb6c86", size = 37515, upload-time = "2025-04-24T03:35:24.344Z" },
]

[[package]]
name = "httpcore"
version = "1.0.9"
source = { registry = "https://pypi.org/simple" }
dependencies = [
    { name = "certifi" },
    { name = "h11" },
]
sdist = { url = "https://files.pythonhosted.org/packages/06/94/82699a10bca87a5556c9c59b5963f2d039dbd239f25bc2a63907a05a14cb/httpcore-1.0.9.tar.gz", hash = "sha256:6e34463af53fd2ab5d807f399a9b45ea31c3dfa2276f15a2c3f00afff6e176e8", size = 85484, upload-time = "2025-04-24T22:06:22.219Z" }
wheels = [
    { url = "https://files.pythonhosted.org/packages/7e/f5/f66802a942d491edb555dd61e3a9961140fd64c90bce1eafd741609d334d/httpcore-1.0.9-py3-none-any.whl", hash = "sha256:2d400746a40668fc9dec9810239072b40b4484b640a8c38fd654a024c7a1bf55", size = 78784, upload-time = "2025-04-24T22:06:20.566Z" },
]

[[package]]
name = "httpx"
version = "0.28.1"
source = { registry = "https://pypi.org/simple" }
dependencies = [
    { name = "anyio" },
    { name = "certifi" },
    { name = "httpcore" },
    { name = "idna" },
]
sdist = { url = "https://files.pythonhosted.org/packages/b1/df/48c586a5fe32a0f01324ee087459e112ebb7224f646c0b5023f5e79e9956/httpx-0.28.1.tar.gz", hash = "sha256:75e98c5f16b0f35b567856f597f06ff2270a374470a5c2392242528e3e3e42fc", size = 141406, upload-time = "2024-12-06T15:37:23.222Z" }
wheels = [
    { url = "https://files.pythonhosted.org/packages/2a/39/e50c7c3a983047577ee07d2a9e53faf5a69493943ec3f6a384bdc792deb2/httpx-0.28.1-py3-none-any.whl", hash = "sha256:d909fcccc110f8c7faf814ca82a9a4d816bc5a6dbfea25d6591d6985b8ba59ad", size = 73517, upload-time = "2024-12-06T15:37:21.509Z" },
]

[[package]]
name = "idna"
version = "3.18"
source = { registry = "https://pypi.org/simple" }
sdist = { url = "https://files.pythonhosted.org/packages/cd/63/9496c57188a2ee585e0f1db071d75089a11e98aa86eb99d9d7618fc1edce/idna-3.18.tar.gz", hash = "sha256:ffb385a7e039654cef1ab9ef32c6fafe283c0c0467bba1d9029738ce4a14a848", size = 196711, upload-time = "2026-06-02T14:34:07.794Z" }
wheels = [
    { url = "https://files.pythonhosted.org/packages/1e/5e/d4e9f1a599fb8e573b7b87160658329fbf28d19eac2718f51fc3def3aa5a/idna-3.18-py3-none-any.whl", hash = "sha256:7f952cbe720b688055e3f87de14f5c3e5fdaa8bc3928985c4077ca689de849a2", size = 65455, upload-time = "2026-06-02T14:34:06.319Z" },
]

[[package]]
name = "iniconfig"
version = "2.3.0"
source = { registry = "https://pypi.org/simple" }
sdist = { url = "https://files.pythonhosted.org/packages/72/34/14ca021ce8e5dfedc35312d08ba8bf51fdd999c576889fc2c24cb97f4f10/iniconfig-2.3.0.tar.gz", hash = "sha256:c76315c77db068650d49c5b56314774a7804df16fee4402c1f19d6d15d8c4730", size = 20503, upload-time = "2025-10-18T21:55:43.219Z" }
wheels = [
    { url = "https://files.pythonhosted.org/packages/cb/b1/3846dd7f199d53cb17f49cba7e651e9ce294d8497c8c150530ed11865bb8/iniconfig-2.3.0-py3-none-any.whl", hash = "sha256:f631c04d2c48c52b84d0d0549c99ff3859c98df65b3101406327ecc7d53fbf12", size = 7484, upload-time = "2025-10-18T21:55:41.639Z" },
]

[[package]]
name = "jsonschema"
version = "4.25.1"
source = { registry = "https://pypi.org/simple" }
dependencies = [
    { name = "attrs" },
    { name = "jsonschema-specifications" },
    { name = "referencing" },
    { name = "rpds-py" },
]
sdist = { url = "https://files.pythonhosted.org/packages/74/69/f7185de793a29082a9f3c7728268ffb31cb5095131a9c139a74078e27336/jsonschema-4.25.1.tar.gz", hash = "sha256:e4a9655ce0da0c0b67a085847e00a3a51449e1157f4f75e9fb5aa545e122eb85", size = 357342, upload-time = "2025-08-18T17:03:50.038Z" }
wheels = [
    { url = "https://files.pythonhosted.org/packages/bf/9c/8c95d856233c1f82500c2450b8c68576b4cf1c871db3afac5c34ff84e6fd/jsonschema-4.25.1-py3-none-any.whl", hash = "sha256:3fba0169e345c7175110351d456342c364814cfcf3b964ba4587f22915230a63", size = 90040, upload-time = "2025-08-18T17:03:48.373Z" },
]

[[package]]
name = "jsonschema-specifications"
version = "2025.9.1"
source = { registry = "https://pypi.org/simple" }
dependencies = [
    { name = "referencing" },
]
sdist = { url = "https://files.pythonhosted.org/packages/19/74/a633ee74eb36c44aa6d1095e7cc5569bebf04342ee146178e2d36600708b/jsonschema_specifications-2025.9.1.tar.gz", hash = "sha256:b540987f239e745613c7a9176f3edb72b832a4ac465cf02712288397832b5e8d", size = 32855, upload-time = "2025-09-08T01:34:59.186Z" }
wheels = [
    { url = "https://files.pythonhosted.org/packages/41/45/1a4ed80516f02155c51f51e8cedb3c1902296743db0bbc66608a0db2814f/jsonschema_specifications-2025.9.1-py3-none-any.whl", hash = "sha256:98802fee3a11ee76ecaca44429fda8a41bff98b00a0f2838151b113f210cc6fe", size = 18437, upload-time = "2025-09-08T01:34:57.871Z" },
]

[[package]]
name = "packaging"
version = "26.2"
source = { registry = "https://pypi.org/simple" }
sdist = { url = "https://files.pythonhosted.org/packages/d7/f1/e7a6dd94a8d4a5626c03e4e99c87f241ba9e350cd9e6d75123f992427270/packaging-26.2.tar.gz", hash = "sha256:ff452ff5a3e828ce110190feff1178bb1f2ea2281fa2075aadb987c2fb221661", size = 228134, upload-time = "2026-04-24T20:15:23.917Z" }
wheels = [
    { url = "https://files.pythonhosted.org/packages/df/b2/87e62e8c3e2f4b32e5fe99e0b86d576da1312593b39f47d8ceef365e95ed/packaging-26.2-py3-none-any.whl", hash = "sha256:5fc45236b9446107ff2415ce77c807cee2862cb6fac22b8a73826d0693b0980e", size = 100195, upload-time = "2026-04-24T20:15:22.081Z" },
]

[[package]]
name = "pluggy"
version = "1.6.0"
source = { registry = "https://pypi.org/simple" }
sdist = { url = "https://files.pythonhosted.org/packages/f9/e2/3e91f31a7d2b083fe6ef3fa267035b518369d9511ffab804f839851d2779/pluggy-1.6.0.tar.gz", hash = "sha256:7dcc130b76258d33b90f61b658791dede3486c3e6bfb003ee5c9bfb396dd22f3", size = 69412, upload-time = "2025-05-15T12:30:07.975Z" }
wheels = [
    { url = "https://files.pythonhosted.org/packages/54/20/4d324d65cc6d9205fabedc306948156824eb9f0ee1633355a8f7ec5c66bf/pluggy-1.6.0-py3-none-any.whl", hash = "sha256:e920276dd6813095e9377c0bc5566d94c932c33b27a3e3945d8389c374dd4746", size = 20538, upload-time = "2025-05-15T12:30:06.134Z" },
]

[[package]]
name = "pycparser"
version = "3.0"
source = { registry = "https://pypi.org/simple" }
sdist = { url = "https://files.pythonhosted.org/packages/1b/7d/92392ff7815c21062bea51aa7b87d45576f649f16458d78b7cf94b9ab2e6/pycparser-3.0.tar.gz", hash = "sha256:600f49d217304a5902ac3c37e1281c9fe94e4d0489de643a9504c5cdfdfc6b29", size = 103492, upload-time = "2026-01-21T14:26:51.89Z" }
wheels = [
    { url = "https://files.pythonhosted.org/packages/0c/c3/44f3fbbfa403ea2a7c779186dc20772604442dde72947e7d01069cbe98e3/pycparser-3.0-py3-none-any.whl", hash = "sha256:b727414169a36b7d524c1c3e31839a521725078d7b2ff038656844266160a992", size = 48172, upload-time = "2026-01-21T14:26:50.693Z" },
]

[[package]]
name = "pygments"
version = "2.20.0"
source = { registry = "https://pypi.org/simple" }
sdist = { url = "https://files.pythonhosted.org/packages/c3/b2/bc9c9196916376152d655522fdcebac55e66de6603a76a02bca1b6414f6c/pygments-2.20.0.tar.gz", hash = "sha256:6757cd03768053ff99f3039c1a36d6c0aa0b263438fcab17520b30a303a82b5f", size = 4955991, upload-time = "2026-03-29T13:29:33.898Z" }
wheels = [
    { url = "https://files.pythonhosted.org/packages/f4/7e/a72dd26f3b0f4f2bf1dd8923c85f7ceb43172af56d63c7383eb62b332364/pygments-2.20.0-py3-none-any.whl", hash = "sha256:81a9e26dd42fd28a23a2d169d86d7ac03b46e2f8b59ed4698fb4785f946d0176", size = 1231151, upload-time = "2026-03-29T13:29:30.038Z" },
]

[[package]]
name = "pytest"
version = "8.4.2"
source = { registry = "https://pypi.org/simple" }
dependencies = [
    { name = "colorama", marker = "sys_platform == 'win32'" },
    { name = "iniconfig" },
    { name = "packaging" },
    { name = "pluggy" },
    { name = "pygments" },
]
sdist = { url = "https://files.pythonhosted.org/packages/a3/5c/00a0e072241553e1a7496d638deababa67c5058571567b92a7eaa258397c/pytest-8.4.2.tar.gz", hash = "sha256:86c0d0b93306b961d58d62a4db4879f27fe25513d4b969df351abdddb3c30e01", size = 1519618, upload-time = "2025-09-04T14:34:22.711Z" }
wheels = [
    { url = "https://files.pythonhosted.org/packages/a8/a4/20da314d277121d6534b3a980b29035dcd51e6744bd79075a6ce8fa4eb8d/pytest-8.4.2-py3-none-any.whl", hash = "sha256:872f880de3fc3a5bdc88a11b39c9710c3497a547cfa9320bc3c5e62fbf272e79", size = 365750, upload-time = "2025-09-04T14:34:20.226Z" },
]

[[package]]
name = "pytest-asyncio"
version = "1.0.0"
source = { registry = "https://pypi.org/simple" }
dependencies = [
    { name = "pytest" },
]
sdist = { url = "https://files.pythonhosted.org/packages/d0/d4/14f53324cb1a6381bef29d698987625d80052bb33932d8e7cbf9b337b17c/pytest_asyncio-1.0.0.tar.gz", hash = "sha256:d15463d13f4456e1ead2594520216b225a16f781e144f8fdf6c5bb4667c48b3f", size = 46960, upload-time = "2025-05-26T04:54:40.484Z" }
wheels = [
    { url = "https://files.pythonhosted.org/packages/30/05/ce271016e351fddc8399e546f6e23761967ee09c8c568bbfbecb0c150171/pytest_asyncio-1.0.0-py3-none-any.whl", hash = "sha256:4f024da9f1ef945e680dc68610b52550e36590a67fd31bb3b4943979a1f90ef3", size = 15976, upload-time = "2025-05-26T04:54:39.035Z" },
]

[[package]]
name = "referencing"
version = "0.37.0"
source = { registry = "https://pypi.org/simple" }
dependencies = [
    { name = "attrs" },
    { name = "rpds-py" },
    { name = "typing-extensions" },
]
sdist = { url = "https://files.pythonhosted.org/packages/22/f5/df4e9027acead3ecc63e50fe1e36aca1523e1719559c499951bb4b53188f/referencing-0.37.0.tar.gz", hash = "sha256:44aefc3142c5b842538163acb373e24cce6632bd54bdb01b21ad5863489f50d8", size = 78036, upload-time = "2025-10-13T15:30:48.871Z" }
wheels = [
    { url = "https://files.pythonhosted.org/packages/2c/58/ca301544e1fa93ed4f80d724bf5b194f6e4b945841c5bfd555878eea9fcb/referencing-0.37.0-py3-none-any.whl", hash = "sha256:381329a9f99628c9069361716891d34ad94af76e461dcb0335825aecc7692231", size = 26766, upload-time = "2025-10-13T15:30:47.625Z" },
]

[[package]]
name = "rpds-py"
version = "2026.6.3"
source = { registry = "https://pypi.org/simple" }
sdist = { url = "https://files.pythonhosted.org/packages/aa/2a/9618a122aeb2a169a28b03889a2995fe297588964333d4a7d67bdf46e147/rpds_py-2026.6.3.tar.gz", hash = "sha256:1cebd1337c242e4ec2293e541f712b2da849b29f48f0c293684b71c0632625d4", size = 64051, upload-time = "2026-06-30T07:17:53.009Z" }
wheels = [
    { url = "https://files.pythonhosted.org/packages/5c/be/2e8974163072e7bab7df1a5acd54c4498e75e35d6d18b864d3a9d5dadc92/rpds_py-2026.6.3-cp312-cp312-macosx_10_12_x86_64.whl", hash = "sha256:a0811d33247c3d6128a3001d763f2aa056bb3425204335400ac54f89eec3a0d0", size = 343691, upload-time = "2026-06-30T07:15:14.96Z" },
    { url = "https://files.pythonhosted.org/packages/a4/73/319dfa745dd668efe89309141ded489126461fcecd2b8f3a3cda185129b6/rpds_py-2026.6.3-cp312-cp312-macosx_11_0_arm64.whl", hash = "sha256:538949e262e46caa31ac01bdb3c1e8f642622922cacbabbae6a8445d9dc33eaf", size = 338542, upload-time = "2026-06-30T07:15:16.267Z" },
    { url = "https://files.pythonhosted.org/packages/21/63/4239893be1c4d09b709b1a8f6be4188f0870084ff547f46606b8a75f1b03/rpds_py-2026.6.3-cp312-cp312-manylinux_2_17_aarch64.manylinux2014_aarch64.whl", hash = "sha256:55927d532399c2c646100ff7feb48eaa940ad70f42cd68e1328f3ded9f81ca24", size = 368180, upload-time = "2026-06-30T07:15:17.62Z" },
    { url = "https://files.pythonhosted.org/packages/1c/ca/9c5de382225234ceb37b1844ebdb140db12b2a278bb9efe2fcd19f6c82ce/rpds_py-2026.6.3-cp312-cp312-manylinux_2_17_armv7l.manylinux2014_armv7l.whl", hash = "sha256:f56f1695bc5c0871cbc33dc0130fcf503aab0c57dcc5a6700a4f49eba4f2652e", size = 375067, upload-time = "2026-06-30T07:15:18.952Z" },
    { url = "https://files.pythonhosted.org/packages/87/dc/863f69d1bf04ade34b7fe0d59b9fdf6f0135fe2d7cbca74f1d665589559d/rpds_py-2026.6.3-cp312-cp312-manylinux_2_17_ppc64le.manylinux2014_ppc64le.whl", hash = "sha256:270b293dae9058fc9fcedab50f13cebf46fb8ed1d1d54e0521a9da5d6b211975", size = 490509, upload-time = "2026-06-30T07:15:20.434Z" },
    { url = "https://files.pythonhosted.org/packages/ce/ef/eac16a12048b45ec7c7fa94f2be3438a5f26bf9cc8580b18a1cfd609b7f6/rpds_py-2026.6.3-cp312-cp312-manylinux_2_17_s390x.manylinux2014_s390x.whl", hash = "sha256:127565fead0a10943b282957bd5447804ff3160ad79f2ad2635e6d249e380680", size = 382754, upload-time = "2026-06-30T07:15:21.831Z" },
    { url = "https://files.pythonhosted.org/packages/04/8f/d2f3f532616be4d06c316ef119683e832bd3d41e112bf3a88f4151c95b17/rpds_py-2026.6.3-cp312-cp312-manylinux_2_17_x86_64.manylinux2014_x86_64.whl", hash = "sha256:ecabd69db66de867690f9797f2f8fa27ba501bbc24540cbdbdc649cd15888ba6", size = 366189, upload-time = "2026-06-30T07:15:23.371Z" },
    { url = "https://files.pythonhosted.org/packages/e3/29/41a7b0e98a4b44cd676ab7598419623373eb43b20be68c084935c1a8cf88/rpds_py-2026.6.3-cp312-cp312-manylinux_2_31_riscv64.whl", hash = "sha256:58eadac9cd119677b60e1cf8ac4052f35949d71b8a9e5556efccbe82533cf22a", size = 377750, upload-time = "2026-06-30T07:15:24.659Z" },
    { url = "https://files.pythonhosted.org/packages/2e/05/ecda0bec46f9a1565090bcdc941d023f6a25aff85fda28f89f8d19878152/rpds_py-2026.6.3-cp312-cp312-manylinux_2_5_i686.manylinux1_i686.whl", hash = "sha256:7491ee23305ac3eb59e492b6945881f5cd77a6f731061a3f25b77fd40f9e99a4", size = 395576, upload-time = "2026-06-30T07:15:25.987Z" },
    { url = "https://files.pythonhosted.org/packages/68/a8/6ed52f03ee6cb854ce78785cc9a9a672eb880e83fd7224d471f667d151f1/rpds_py-2026.6.3-cp312-cp312-musllinux_1_2_aarch64.whl", hash = "sha256:2c99f7e8ccb3dd6e3e4bfeac657a7b208c9bac8075f4b078c02d7404c34107fa", size = 543807, upload-time = "2026-06-30T07:15:27.356Z" },
    { url = "https://files.pythonhosted.org/packages/8f/d6/156c0d3eea27ba09b92562ba2364ba124c0a061b199e17eac637cd25a5e2/rpds_py-2026.6.3-cp312-cp312-musllinux_1_2_i686.whl", hash = "sha256:62698275682bf121181861295c9181e789030a2d516071f5b8f3c23c170cd0fc", size = 611187, upload-time = "2026-06-30T07:15:28.931Z" },
    { url = "https://files.pythonhosted.org/packages/f1/31/774212ed989c62f7f310220089f9b0a3fb8f40f5443d1727abd5d9f52bc9/rpds_py-2026.6.3-cp312-cp312-musllinux_1_2_x86_64.whl", hash = "sha256:a214c993455f99a89aaeadc9b21241900037adc9d97203e374d75513c5911822", size = 573030, upload-time = "2026-06-30T07:15:30.553Z" },
    { url = "https://files.pythonhosted.org/packages/c9/50/22f73127a41f1ce4f87fe39aadfb9a126345801c274aa93ae88456249327/rpds_py-2026.6.3-cp312-cp312-win32.whl", hash = "sha256:501f9f04a588d6a09179368c57071301445191767c64e4b52a6aa9871f1ef5ed", size = 202185, upload-time = "2026-06-30T07:15:32.027Z" },
    { url = "https://files.pythonhosted.org/packages/04/3a/f0ee4d4dde9d3b69dedf1b5f74e7a40017046d55052d173e418c6a94f960/rpds_py-2026.6.3-cp312-cp312-win_amd64.whl", hash = "sha256:2c958bf94822e9290a40aaf2a822d4bc5c88099093e3948ad6c571eca9272e5f", size = 220394, upload-time = "2026-06-30T07:15:33.359Z" },
    { url = "https://files.pythonhosted.org/packages/f3/83/3382fe37f809b59f02aac04dbc4e765b480b46ee0227ed516e3bdc4d3dfc/rpds_py-2026.6.3-cp312-cp312-win_arm64.whl", hash = "sha256:22bffe6042b9bcb0822bcd1955ec00e245daf17b4344e4ed8e9551b976b63e96", size = 215753, upload-time = "2026-06-30T07:15:34.778Z" },
]

[[package]]
name = "ruff"
version = "0.12.5"
source = { registry = "https://pypi.org/simple" }
sdist = { url = "https://files.pythonhosted.org/packages/30/cd/01015eb5034605fd98d829c5839ec2c6b4582b479707f7c1c2af861e8258/ruff-0.12.5.tar.gz", hash = "sha256:b209db6102b66f13625940b7f8c7d0f18e20039bb7f6101fbdac935c9612057e", size = 5170722, upload-time = "2025-07-24T13:26:37.456Z" }
wheels = [
    { url = "https://files.pythonhosted.org/packages/d4/de/ad2f68f0798ff15dd8c0bcc2889558970d9a685b3249565a937cd820ad34/ruff-0.12.5-py3-none-linux_armv6l.whl", hash = "sha256:1de2c887e9dec6cb31fcb9948299de5b2db38144e66403b9660c9548a67abd92", size = 11819133, upload-time = "2025-07-24T13:25:56.369Z" },
    { url = "https://files.pythonhosted.org/packages/f8/fc/c6b65cd0e7fbe60f17e7ad619dca796aa49fbca34bb9bea5f8faf1ec2643/ruff-0.12.5-py3-none-macosx_10_12_x86_64.whl", hash = "sha256:d1ab65e7d8152f519e7dea4de892317c9da7a108da1c56b6a3c1d5e7cf4c5e9a", size = 12501114, upload-time = "2025-07-24T13:25:59.471Z" },
    { url = "https://files.pythonhosted.org/packages/c5/de/c6bec1dce5ead9f9e6a946ea15e8d698c35f19edc508289d70a577921b30/ruff-0.12.5-py3-none-macosx_11_0_arm64.whl", hash = "sha256:962775ed5b27c7aa3fdc0d8f4d4433deae7659ef99ea20f783d666e77338b8cf", size = 11716873, upload-time = "2025-07-24T13:26:01.496Z" },
    { url = "https://files.pythonhosted.org/packages/a1/16/cf372d2ebe91e4eb5b82a2275c3acfa879e0566a7ac94d331ea37b765ac8/ruff-0.12.5-py3-none-manylinux_2_17_aarch64.manylinux2014_aarch64.whl", hash = "sha256:73b4cae449597e7195a49eb1cdca89fd9fbb16140c7579899e87f4c85bf82f73", size = 11958829, upload-time = "2025-07-24T13:26:03.721Z" },
    { url = "https://files.pythonhosted.org/packages/25/bf/cd07e8f6a3a6ec746c62556b4c4b79eeb9b0328b362bb8431b7b8afd3856/ruff-0.12.5-py3-none-manylinux_2_17_armv7l.manylinux2014_armv7l.whl", hash = "sha256:8b13489c3dc50de5e2d40110c0cce371e00186b880842e245186ca862bf9a1ac", size = 11626619, upload-time = "2025-07-24T13:26:06.118Z" },
    { url = "https://files.pythonhosted.org/packages/d8/c9/c2ccb3b8cbb5661ffda6925f81a13edbb786e623876141b04919d1128370/ruff-0.12.5-py3-none-manylinux_2_17_i686.manylinux2014_i686.whl", hash = "sha256:f1504fea81461cf4841778b3ef0a078757602a3b3ea4b008feb1308cb3f23e08", size = 13221894, upload-time = "2025-07-24T13:26:08.292Z" },
    { url = "https://files.pythonhosted.org/packages/6b/58/68a5be2c8e5590ecdad922b2bcd5583af19ba648f7648f95c51c3c1eca81/ruff-0.12.5-py3-none-manylinux_2_17_ppc64.manylinux2014_ppc64.whl", hash = "sha256:c7da4129016ae26c32dfcbd5b671fe652b5ab7fc40095d80dcff78175e7eddd4", size = 14163909, upload-time = "2025-07-24T13:26:10.474Z" },
    { url = "https://files.pythonhosted.org/packages/bd/d1/ef6b19622009ba8386fdb792c0743f709cf917b0b2f1400589cbe4739a33/ruff-0.12.5-py3-none-manylinux_2_17_ppc64le.manylinux2014_ppc64le.whl", hash = "sha256:ca972c80f7ebcfd8af75a0f18b17c42d9f1ef203d163669150453f50ca98ab7b", size = 13583652, upload-time = "2025-07-24T13:26:13.381Z" },
    { url = "https://files.pythonhosted.org/packages/62/e3/1c98c566fe6809a0c83751d825a03727f242cdbe0d142c9e292725585521/ruff-0.12.5-py3-none-manylinux_2_17_s390x.manylinux2014_s390x.whl", hash = "sha256:8dbbf9f25dfb501f4237ae7501d6364b76a01341c6f1b2cd6764fe449124bb2a", size = 12700451, upload-time = "2025-07-24T13:26:15.488Z" },
    { url = "https://files.pythonhosted.org/packages/24/ff/96058f6506aac0fbc0d0fc0d60b0d0bd746240a0594657a2d94ad28033ba/ruff-0.12.5-py3-none-manylinux_2_17_x86_64.manylinux2014_x86_64.whl", hash = "sha256:2c47dea6ae39421851685141ba9734767f960113d51e83fd7bb9958d5be8763a", size = 12937465, upload-time = "2025-07-24T13:26:17.808Z" },
    { url = "https://files.pythonhosted.org/packages/eb/d3/68bc5e7ab96c94b3589d1789f2dd6dd4b27b263310019529ac9be1e8f31b/ruff-0.12.5-py3-none-musllinux_1_2_aarch64.whl", hash = "sha256:c5076aa0e61e30f848846f0265c873c249d4b558105b221be1828f9f79903dc5", size = 11771136, upload-time = "2025-07-24T13:26:20.422Z" },
    { url = "https://files.pythonhosted.org/packages/52/75/7356af30a14584981cabfefcf6106dea98cec9a7af4acb5daaf4b114845f/ruff-0.12.5-py3-none-musllinux_1_2_armv7l.whl", hash = "sha256:a5a4c7830dadd3d8c39b1cc85386e2c1e62344f20766be6f173c22fb5f72f293", size = 11601644, upload-time = "2025-07-24T13:26:22.928Z" },
    { url = "https://files.pythonhosted.org/packages/c2/67/91c71d27205871737cae11025ee2b098f512104e26ffd8656fd93d0ada0a/ruff-0.12.5-py3-none-musllinux_1_2_i686.whl", hash = "sha256:46699f73c2b5b137b9dc0fc1a190b43e35b008b398c6066ea1350cce6326adcb", size = 12478068, upload-time = "2025-07-24T13:26:26.134Z" },
    { url = "https://files.pythonhosted.org/packages/34/04/b6b00383cf2f48e8e78e14eb258942fdf2a9bf0287fbf5cdd398b749193a/ruff-0.12.5-py3-none-musllinux_1_2_x86_64.whl", hash = "sha256:5a655a0a0d396f0f072faafc18ebd59adde8ca85fb848dc1b0d9f024b9c4d3bb", size = 12991537, upload-time = "2025-07-24T13:26:28.533Z" },
    { url = "https://files.pythonhosted.org/packages/3e/b9/053d6445dc7544fb6594785056d8ece61daae7214859ada4a152ad56b6e0/ruff-0.12.5-py3-none-win32.whl", hash = "sha256:dfeb2627c459b0b78ca2bbdc38dd11cc9a0a88bf91db982058b26ce41714ffa9", size = 11751575, upload-time = "2025-07-24T13:26:30.835Z" },
    { url = "https://files.pythonhosted.org/packages/bc/0f/ab16e8259493137598b9149734fec2e06fdeda9837e6f634f5c4e35916da/ruff-0.12.5-py3-none-win_amd64.whl", hash = "sha256:ae0d90cf5f49466c954991b9d8b953bd093c32c27608e409ae3564c63c5306a5", size = 12882273, upload-time = "2025-07-24T13:26:32.929Z" },
    { url = "https://files.pythonhosted.org/packages/00/db/c376b0661c24cf770cb8815268190668ec1330eba8374a126ceef8c72d55/ruff-0.12.5-py3-none-win_arm64.whl", hash = "sha256:48cdbfc633de2c5c37d9f090ba3b352d1576b0015bfc3bc98eaf230275b7e805", size = 11951564, upload-time = "2025-07-24T13:26:34.994Z" },
]

[[package]]
name = "rva-desktop"
version = "0.1.0"
source = { editable = "." }
dependencies = [
    { name = "cryptography" },
    { name = "httpx" },
    { name = "websockets" },
]

[package.optional-dependencies]
interactive = [
    { name = "av" },
    { name = "sounddevice" },
]
opus = [
    { name = "av" },
]
test = [
    { name = "av" },
    { name = "jsonschema" },
    { name = "pytest" },
    { name = "pytest-asyncio" },
    { name = "ruff" },
]

[package.metadata]
requires-dist = [
    { name = "av", marker = "extra == 'interactive'", specifier = "==17.1.0" },
    { name = "av", marker = "extra == 'opus'", specifier = "==17.1.0" },
    { name = "av", marker = "extra == 'test'", specifier = "==17.1.0" },
    { name = "cryptography", specifier = "==50.0.0" },
    { name = "httpx", specifier = "==0.28.1" },
    { name = "jsonschema", marker = "extra == 'test'", specifier = "==4.25.1" },
    { name = "pytest", marker = "extra == 'test'", specifier = ">=8.3,<10" },
    { name = "pytest-asyncio", marker = "extra == 'test'", specifier = "==1.0.0" },
    { name = "ruff", marker = "extra == 'test'", specifier = "==0.12.5" },
    { name = "sounddevice", marker = "extra == 'interactive'", specifier = "==0.5.2" },
    { name = "websockets", specifier = "==15.0.1" },
]
provides-extras = ["opus", "interactive", "test"]

[[package]]
name = "sounddevice"
version = "0.5.2"
source = { registry = "https://pypi.org/simple" }
dependencies = [
    { name = "cffi" },
]
sdist = { url = "https://files.pythonhosted.org/packages/91/a6/91e9f08ed37c7c9f56b5227c6aea7f2ae63ba2d59520eefb24e82cbdd589/sounddevice-0.5.2.tar.gz", hash = "sha256:c634d51bd4e922d6f0fa5e1a975cc897c947f61d31da9f79ba7ea34dff448b49", size = 53150, upload-time = "2025-05-16T18:12:27.339Z" }
wheels = [
    { url = "https://files.pythonhosted.org/packages/75/2d/582738fc01352a5bc20acac9221e58538365cecb3bb264838f66419df219/sounddevice-0.5.2-py3-none-any.whl", hash = "sha256:82375859fac2e73295a4ab3fc60bd4782743157adc339561c1f1142af472f505", size = 32450, upload-time = "2025-05-16T18:12:21.919Z" },
    { url = "https://files.pythonhosted.org/packages/3f/6f/e3dd751face4fcb5be25e8abba22f25d8e6457ebd7e9ed79068b768dc0e5/sounddevice-0.5.2-py3-none-macosx_10_6_x86_64.macosx_10_6_universal2.whl", hash = "sha256:943f27e66037d41435bdd0293454072cdf657b594c9cde63cd01ee3daaac7ab3", size = 108088, upload-time = "2025-05-16T18:12:23.146Z" },
    { url = "https://files.pythonhosted.org/packages/45/0b/bfad79af0b380aa7c0bfe73e4b03e0af45354a48ad62549489bd7696c5b0/sounddevice-0.5.2-py3-none-win32.whl", hash = "sha256:3a113ce614a2c557f14737cb20123ae6298c91fc9301eb014ada0cba6d248c5f", size = 312665, upload-time = "2025-05-16T18:12:24.726Z" },
    { url = "https://files.pythonhosted.org/packages/e1/3e/61d88e6b0a7383127cdc779195cb9d83ebcf11d39bc961de5777e457075e/sounddevice-0.5.2-py3-none-win_amd64.whl", hash = "sha256:e18944b767d2dac3771a7771bdd7ff7d3acd7d334e72c4bedab17d1aed5dbc22", size = 363808, upload-time = "2025-05-16T18:12:26Z" },
]

[[package]]
name = "typing-extensions"
version = "4.16.0"
source = { registry = "https://pypi.org/simple" }
sdist = { url = "https://files.pythonhosted.org/packages/f6/cc/6253133b5bb138fc3306cebfbda2c520f545d36b5be2c7255cc528bb45d6/typing_extensions-4.16.0.tar.gz", hash = "sha256:dc983d19a509c94dba722ee6abd33940f7c05a89e243c47e907eb4db6f1a43e5", size = 113555, upload-time = "2026-07-02T08:40:05.92Z" }
wheels = [
    { url = "https://files.pythonhosted.org/packages/49/d3/b8441a820a491ddfc024b0b0cf0393375b75ea13866d9c66727e54c2fc80/typing_extensions-4.16.0-py3-none-any.whl", hash = "sha256:481caa481374e813c1b176ada14e97f1f67a4539ce9cfeb3f350d78d6370c2e8", size = 45571, upload-time = "2026-07-02T08:40:04.659Z" },
]

[[package]]
name = "websockets"
version = "15.0.1"
source = { registry = "https://pypi.org/simple" }
sdist = { url = "https://files.pythonhosted.org/packages/21/e6/26d09fab466b7ca9c7737474c52be4f76a40301b08362eb2dbc19dcc16c1/websockets-15.0.1.tar.gz", hash = "sha256:82544de02076bafba038ce055ee6412d68da13ab47f0c60cab827346de828dee", size = 177016, upload-time = "2025-03-05T20:03:41.606Z" }
wheels = [
    { url = "https://files.pythonhosted.org/packages/51/6b/4545a0d843594f5d0771e86463606a3988b5a09ca5123136f8a76580dd63/websockets-15.0.1-cp312-cp312-macosx_10_13_universal2.whl", hash = "sha256:3e90baa811a5d73f3ca0bcbf32064d663ed81318ab225ee4f427ad4e26e5aff3", size = 175437, upload-time = "2025-03-05T20:02:16.706Z" },
    { url = "https://files.pythonhosted.org/packages/f4/71/809a0f5f6a06522af902e0f2ea2757f71ead94610010cf570ab5c98e99ed/websockets-15.0.1-cp312-cp312-macosx_10_13_x86_64.whl", hash = "sha256:592f1a9fe869c778694f0aa806ba0374e97648ab57936f092fd9d87f8bc03665", size = 173096, upload-time = "2025-03-05T20:02:18.832Z" },
    { url = "https://files.pythonhosted.org/packages/3d/69/1a681dd6f02180916f116894181eab8b2e25b31e484c5d0eae637ec01f7c/websockets-15.0.1-cp312-cp312-macosx_11_0_arm64.whl", hash = "sha256:0701bc3cfcb9164d04a14b149fd74be7347a530ad3bbf15ab2c678a2cd3dd9a2", size = 173332, upload-time = "2025-03-05T20:02:20.187Z" },
    { url = "https://files.pythonhosted.org/packages/a6/02/0073b3952f5bce97eafbb35757f8d0d54812b6174ed8dd952aa08429bcc3/websockets-15.0.1-cp312-cp312-manylinux_2_17_aarch64.manylinux2014_aarch64.whl", hash = "sha256:e8b56bdcdb4505c8078cb6c7157d9811a85790f2f2b3632c7d1462ab5783d215", size = 183152, upload-time = "2025-03-05T20:02:22.286Z" },
    { url = "https://files.pythonhosted.org/packages/74/45/c205c8480eafd114b428284840da0b1be9ffd0e4f87338dc95dc6ff961a1/websockets-15.0.1-cp312-cp312-manylinux_2_5_i686.manylinux1_i686.manylinux_2_17_i686.manylinux2014_i686.whl", hash = "sha256:0af68c55afbd5f07986df82831c7bff04846928ea8d1fd7f30052638788bc9b5", size = 182096, upload-time = "2025-03-05T20:02:24.368Z" },
    { url = "https://files.pythonhosted.org/packages/14/8f/aa61f528fba38578ec553c145857a181384c72b98156f858ca5c8e82d9d3/websockets-15.0.1-cp312-cp312-manylinux_2_5_x86_64.manylinux1_x86_64.manylinux_2_17_x86_64.manylinux2014_x86_64.whl", hash = "sha256:64dee438fed052b52e4f98f76c5790513235efaa1ef7f3f2192c392cd7c91b65", size = 182523, upload-time = "2025-03-05T20:02:25.669Z" },
    { url = "https://files.pythonhosted.org/packages/ec/6d/0267396610add5bc0d0d3e77f546d4cd287200804fe02323797de77dbce9/websockets-15.0.1-cp312-cp312-musllinux_1_2_aarch64.whl", hash = "sha256:d5f6b181bb38171a8ad1d6aa58a67a6aa9d4b38d0f8c5f496b9e42561dfc62fe", size = 182790, upload-time = "2025-03-05T20:02:26.99Z" },
    { url = "https://files.pythonhosted.org/packages/02/05/c68c5adbf679cf610ae2f74a9b871ae84564462955d991178f95a1ddb7dd/websockets-15.0.1-cp312-cp312-musllinux_1_2_i686.whl", hash = "sha256:5d54b09eba2bada6011aea5375542a157637b91029687eb4fdb2dab11059c1b4", size = 182165, upload-time = "2025-03-05T20:02:30.291Z" },
    { url = "https://files.pythonhosted.org/packages/29/93/bb672df7b2f5faac89761cb5fa34f5cec45a4026c383a4b5761c6cea5c16/websockets-15.0.1-cp312-cp312-musllinux_1_2_x86_64.whl", hash = "sha256:3be571a8b5afed347da347bfcf27ba12b069d9d7f42cb8c7028b5e98bbb12597", size = 182160, upload-time = "2025-03-05T20:02:31.634Z" },
    { url = "https://files.pythonhosted.org/packages/ff/83/de1f7709376dc3ca9b7eeb4b9a07b4526b14876b6d372a4dc62312bebee0/websockets-15.0.1-cp312-cp312-win32.whl", hash = "sha256:c338ffa0520bdb12fbc527265235639fb76e7bc7faafbb93f6ba80d9c06578a9", size = 176395, upload-time = "2025-03-05T20:02:33.017Z" },
    { url = "https://files.pythonhosted.org/packages/7d/71/abf2ebc3bbfa40f391ce1428c7168fb20582d0ff57019b69ea20fa698043/websockets-15.0.1-cp312-cp312-win_amd64.whl", hash = "sha256:fcd5cf9e305d7b8338754470cf69cf81f420459dbae8a3b40cee57417f4614a7", size = 176841, upload-time = "2025-03-05T20:02:34.498Z" },
    { url = "https://files.pythonhosted.org/packages/fa/a8/5b41e0da817d64113292ab1f8247140aac61cbf6cfd085d6a0fa77f4984f/websockets-15.0.1-py3-none-any.whl", hash = "sha256:f7a866fbc1e97b5c617ee4116daaa09b722101d4a3c170c787450ba409f9736f", size = 169743, upload-time = "2025-03-05T20:03:39.41Z" },
]
